
Microsoft Visual Studio Solution File, Format Version 12.00
# Visual Studio Version 17
VisualStudioVersion = 17.6.33829.357
MinimumVisualStudioVersion = 10.0.40219.1
Project("{FAE04EC0-301F-11D3-BF4B-00C04F79EFBC}") = "Programming-Language-Labs-CSharp", "Programming-Language-Labs-CSharp\Programming-Language-Labs-CSharp.csproj", "{42BEF105-6F77-4E56-BC1E-C3900B663217}"
EndProject
Global
	GlobalSection(SolutionConfigurationPlatforms) = preSolution
		Debug|Any CPU = Debug|Any CPU
		Release|Any CPU = Release|Any CPU
	EndGlobalSection
	GlobalSection(ProjectConfigurationPlatforms) = postSolution
		{42BEF105-6F77-4E56-BC1E-C3900B663217}.Debug|Any CPU.ActiveCfg = Debug|Any CPU
		{42BEF105-6F77-4E56-BC1E-C3900B663217}.Debug|Any CPU.Build.0 = Debug|Any CPU
		{42BEF105-6F77-4E56-BC1E-C3900B663217}.Release|Any CPU.ActiveCfg = Release|Any CPU
		{42BEF105-6F77-4E56-BC1E-C3900B663217}.Release|Any CPU.Build.0 = Release|Any CPU
	EndGlobalSection
	GlobalSection(SolutionProperties) = preSolution
		HideSolutionNode = FALSE
	EndGlobalSection
	GlobalSection(ExtensibilityGlobals) = postSolution
		SolutionGuid = {225FB0C3-162C-4CE6-89BF-791019ED1098}
	EndGlobalSection
EndGlobal
